
Microsoft Visual Studio Solution File, Format Version 12.00
# Visual Studio 15
VisualStudioVersion = 15.0.28307.757
MinimumVisualStudioVersion = 10.0.40219.1
Project("{FAE04EC0-301F-11D3-BF4B-00C04F79EFBC}") = "WebApplication3", "WebApplication3\WebApplication3.csproj", "{FB07D651-C05A-49EA-818B-D706131EE74D}"
EndProject
Global
	GlobalSection(SolutionConfigurationPlatforms) = preSolution
		Debug|Any CPU = Debug|Any CPU
		Release|Any CPU = Release|Any CPU
	EndGlobalSection
	GlobalSection(ProjectConfigurationPlatforms) = postSolution
		{FB07D651-C05A-49EA-818B-D706131EE74D}.Debug|Any CPU.ActiveCfg = Debug|Any CPU
		{FB07D651-C05A-49EA-818B-D706131EE74D}.Debug|Any CPU.Build.0 = Debug|Any CPU
		{FB07D651-C05A-49EA-818B-D706131EE74D}.Release|Any CPU.ActiveCfg = Release|Any CPU
		{FB07D651-C05A-49EA-818B-D706131EE74D}.Release|Any CPU.Build.0 = Release|Any CPU
	EndGlobalSection
	GlobalSection(SolutionProperties) = preSolution
		HideSolutionNode = FALSE
	EndGlobalSection
	GlobalSection(ExtensibilityGlobals) = postSolution
		SolutionGuid = {7F102742-E61E-4E52-8FCC-4B27E43BB514}
	EndGlobalSection
EndGlobal
